
Microsoft Visual Studio Solution File, Format Version 12.00
# Visual Studio 2012
Project("{E24C65DC-7377-472B-9ABA-BC803B73C61A}") = "Log4JsDemo", ".", "{5AE5805D-5796-499A-ABC2-34E08961BDEC}"
	ProjectSection(WebsiteProperties) = preProject
		TargetFrameworkMoniker = ".NETFramework,Version%3Dv4.0"
		Debug.AspNetCompiler.VirtualPath = "/Log4JsDemo"
		Debug.AspNetCompiler.PhysicalPath = "E:\ProgramCode\MyNodeJs\Log4JsDemo\"
		Debug.AspNetCompiler.TargetPath = "PrecompiledWeb\Log4JsDemo\"
		Debug.AspNetCompiler.Updateable = "true"
		Debug.AspNetCompiler.ForceOverwrite = "true"
		Debug.AspNetCompiler.FixedNames = "false"
		Debug.AspNetCompiler.Debug = "True"
		Release.AspNetCompiler.VirtualPath = "/Log4JsDemo"
		Release.AspNetCompiler.PhysicalPath = "E:\ProgramCode\MyNodeJs\Log4JsDemo\"
		Release.AspNetCompiler.TargetPath = "PrecompiledWeb\Log4JsDemo\"
		Release.AspNetCompiler.Updateable = "true"
		Release.AspNetCompiler.ForceOverwrite = "true"
		Release.AspNetCompiler.FixedNames = "false"
		Release.AspNetCompiler.Debug = "False"
		VWDPort = "50941"
	EndProjectSection
EndProject
Global
	GlobalSection(SolutionConfigurationPlatforms) = preSolution
		Debug|Any CPU = Debug|Any CPU
	EndGlobalSection
	GlobalSection(ProjectConfigurationPlatforms) = postSolution
		{5AE5805D-5796-499A-ABC2-34E08961BDEC}.Debug|Any CPU.ActiveCfg = Debug|Any CPU
		{5AE5805D-5796-499A-ABC2-34E08961BDEC}.Debug|Any CPU.Build.0 = Debug|Any CPU
	EndGlobalSection
	GlobalSection(SolutionProperties) = preSolution
		HideSolutionNode = FALSE
	EndGlobalSection
EndGlobal
